{
  "nodes": {
    "devenv": {
      "locked": {
        "dir": "src/modules",
        "lastModified": 1790346439,
        "narHash": "sha256-nfyzhOEEuLw5icIfcQjNX45Zm1ZYO3iHtsX5POX83hk=",
        "owner": "cachix",
        "repo": "devenv",
        "rev": "f8f09b5807f7b3e2d6a7042c93fddc707138e65a",
        "type": "github"
      },
      "original": {
        "dir": "src/modules",
        "owner": "cachix",
        "repo": "devenv",
        "type": "github"
      }
    },
    "flake-compat": {
      "flake": false,
      "locked": {
        "lastModified": 1767039857,
        "narHash": "sha256-vNpUSpF5Nuw8xvDLj2KCwwksIbjua2LZCqhV1LNRDns=",
        "owner": "edolstra",
        "repo": "flake-compat",
        "rev": "5edf11c44bc78a0d334f6334cdaf7d60d732daab",
        "type": "github"
      },
      "original": {
        "owner": "edolstra",
        "repo": "flake-compat",
        "type": "github"
      }
    },
    "nixpkgs": {
      "locked": {
        "lastModified": 1790238896,
        "narHash": "sha256-ym4BG18Pu2awiJIehla1Lo9xiB2QYRcCzW3SB74gEBY=",
        "owner": "NixOS",
        "repo": "nixpkgs",
        "rev": "34ca302a9572963c02e385c056be37c85ff51b77",
        "type": "github"
      },
      "original": {
        "owner": "NixOS",
        "ref": "nixpkgs-unstable",
        "repo": "nixpkgs",
        "type": "github"
      }
    },
    "nixpkgs-multiverse": {
      "locked": {
        "lastModified": 1790255862,
        "narHash": "sha256-IrSW6vJtG332HvF0t50NaO6h3+9WkzJ+KSpJ1CbNWYo=",
        "owner": "fzakaria",
        "repo": "nixpkgs-multiverse",
        "rev": "fba6691c6c064212a8683ba81708076c7f8f683c",
        "type": "github"
      },
      "original": {
        "owner": "fzakaria",
        "repo": "nixpkgs-multiverse",
        "type": "github"
      }
    },
    "nixpkgs-python": {
      "inputs": {
        "flake-compat": "flake-compat",
        "nixpkgs": [
          "nixpkgs"
        ]
      },
      "locked": {
        "lastModified": 1786471740,
        "narHash": "sha256-9PEUIbLorWC455Oa/4dxuLh+PFPfENBOgEN52gw+Onk=",
        "owner": "cachix",
        "repo": "nixpkgs-python",
        "rev": "4d2bd16c09baaa04f4045f16f6a5574654aaba16",
        "type": "github"
      },
      "original": {
        "owner": "cachix",
        "repo": "nixpkgs-python",
        "type": "github"
      }
    },
    "root": {
      "inputs": {
        "devenv": "devenv",
        "nixpkgs": "nixpkgs",
        "nixpkgs-multiverse": "nixpkgs-multiverse",
        "nixpkgs-python": "nixpkgs-python"
      }
    }
  },
  "root": "root",
  "version": 7
}
